
Microsoft Visual Studio Solution File, Format Version 12.00
# Visual Studio Version 17
VisualStudioVersion = 17.7.34024.191
MinimumVisualStudioVersion = 10.0.40219.1
Project("{FAE04EC0-301F-11D3-BF4B-00C04F79EFBC}") = "HRMichLeo.Server", "HRMichLeo\Server\HRMichLeo.Server.csproj", "{448F9371-99CB-44DB-8A8E-9E8CE8E43FE6}"
EndProject
Project("{FAE04EC0-301F-11D3-BF4B-00C04F79EFBC}") = "HRMichLeo.Client", "HRMichLeo\Client\HRMichLeo.Client.csproj", "{6CD4AF49-BFBA-4FDF-B3D7-4450CEFCF133}"
EndProject
Project("{FAE04EC0-301F-11D3-BF4B-00C04F79EFBC}") = "HRMichLeo.Shared", "HRMichLeo\Shared\HRMichLeo.Shared.csproj", "{7B22C2AA-D71A-4170-B56D-766384F62E2E}"
EndProject
Global
	GlobalSection(SolutionConfigurationPlatforms) = preSolution
		Debug|Any CPU = Debug|Any CPU
		Release|Any CPU = Release|Any CPU
	EndGlobalSection
	GlobalSection(ProjectConfigurationPlatforms) = postSolution
		{448F9371-99CB-44DB-8A8E-9E8CE8E43FE6}.Debug|Any CPU.ActiveCfg = Debug|Any CPU
		{448F9371-99CB-44DB-8A8E-9E8CE8E43FE6}.Debug|Any CPU.Build.0 = Debug|Any CPU
		{448F9371-99CB-44DB-8A8E-9E8CE8E43FE6}.Release|Any CPU.ActiveCfg = Release|Any CPU
		{448F9371-99CB-44DB-8A8E-9E8CE8E43FE6}.Release|Any CPU.Build.0 = Release|Any CPU
		{6CD4AF49-BFBA-4FDF-B3D7-4450CEFCF133}.Debug|Any CPU.ActiveCfg = Debug|Any CPU
		{6CD4AF49-BFBA-4FDF-B3D7-4450CEFCF133}.Debug|Any CPU.Build.0 = Debug|Any CPU
		{6CD4AF49-BFBA-4FDF-B3D7-4450CEFCF133}.Release|Any CPU.ActiveCfg = Release|Any CPU
		{6CD4AF49-BFBA-4FDF-B3D7-4450CEFCF133}.Release|Any CPU.Build.0 = Release|Any CPU
		{7B22C2AA-D71A-4170-B56D-766384F62E2E}.Debug|Any CPU.ActiveCfg = Debug|Any CPU
		{7B22C2AA-D71A-4170-B56D-766384F62E2E}.Debug|Any CPU.Build.0 = Debug|Any CPU
		{7B22C2AA-D71A-4170-B56D-766384F62E2E}.Release|Any CPU.ActiveCfg = Release|Any CPU
		{7B22C2AA-D71A-4170-B56D-766384F62E2E}.Release|Any CPU.Build.0 = Release|Any CPU
	EndGlobalSection
	GlobalSection(SolutionProperties) = preSolution
		HideSolutionNode = FALSE
	EndGlobalSection
	GlobalSection(ExtensibilityGlobals) = postSolution
		SolutionGuid = {FEB62FC5-BBA6-4A5F-A628-0635963AE2A1}
	EndGlobalSection
EndGlobal
